
Microsoft Visual Studio Solution File, Format Version 12.00
# Visual Studio Version 17
VisualStudioVersion = 17.7.34031.279
MinimumVisualStudioVersion = 10.0.40219.1
Project("{9A19103F-16F7-4668-BE54-9A1E7A4F7556}") = "GestioneStoccaggioMescoleIdentity", "GestioneStoccaggioMescoleIdentity.csproj", "{C1134401-C89D-4E3C-B92C-EF3E0E0F22F8}"
EndProject
Global
	GlobalSection(SolutionConfigurationPlatforms) = preSolution
		Debug|Any CPU = Debug|Any CPU
		Release|Any CPU = Release|Any CPU
	EndGlobalSection
	GlobalSection(ProjectConfigurationPlatforms) = postSolution
		{C1134401-C89D-4E3C-B92C-EF3E0E0F22F8}.Debug|Any CPU.ActiveCfg = Debug|Any CPU
		{C1134401-C89D-4E3C-B92C-EF3E0E0F22F8}.Debug|Any CPU.Build.0 = Debug|Any CPU
		{C1134401-C89D-4E3C-B92C-EF3E0E0F22F8}.Release|Any CPU.ActiveCfg = Release|Any CPU
		{C1134401-C89D-4E3C-B92C-EF3E0E0F22F8}.Release|Any CPU.Build.0 = Release|Any CPU
	EndGlobalSection
	GlobalSection(SolutionProperties) = preSolution
		HideSolutionNode = FALSE
	EndGlobalSection
	GlobalSection(ExtensibilityGlobals) = postSolution
		SolutionGuid = {907D21F8-120B-407C-90BE-6F4F06EF3811}
	EndGlobalSection
EndGlobal
